
Microsoft Visual Studio Solution File, Format Version 12.00
# Visual Studio Version 17
VisualStudioVersion = 17.11.35303.130
MinimumVisualStudioVersion = 10.0.40219.1
Project("{FAE04EC0-301F-11D3-BF4B-00C04F79EFBC}") = "pr3_c1_chekushin_hromoy_322", "pr3_c1_chekushin_hromoy_322\pr3_c1_chekushin_hromoy_322.csproj", "{4E295F98-03BD-4F04-8FBD-CBA5122A555C}"
EndProject
Global
	GlobalSection(SolutionConfigurationPlatforms) = preSolution
		Debug|Any CPU = Debug|Any CPU
		Release|Any CPU = Release|Any CPU
	EndGlobalSection
	GlobalSection(ProjectConfigurationPlatforms) = postSolution
		{4E295F98-03BD-4F04-8FBD-CBA5122A555C}.Debug|Any CPU.ActiveCfg = Debug|Any CPU
		{4E295F98-03BD-4F04-8FBD-CBA5122A555C}.Debug|Any CPU.Build.0 = Debug|Any CPU
		{4E295F98-03BD-4F04-8FBD-CBA5122A555C}.Release|Any CPU.ActiveCfg = Release|Any CPU
		{4E295F98-03BD-4F04-8FBD-CBA5122A555C}.Release|Any CPU.Build.0 = Release|Any CPU
	EndGlobalSection
	GlobalSection(SolutionProperties) = preSolution
		HideSolutionNode = FALSE
	EndGlobalSection
	GlobalSection(ExtensibilityGlobals) = postSolution
		SolutionGuid = {244443E6-0843-427A-8374-01254D5549DD}
	EndGlobalSection
EndGlobal
